
Microsoft Visual Studio Solution File, Format Version 12.00
# Visual Studio 15
VisualStudioVersion = 15.0.27703.2047
MinimumVisualStudioVersion = 10.0.40219.1
Project("{FAE04EC0-301F-11D3-BF4B-00C04F79EFBC}") = "stack_project", "stack_project\stack_project.csproj", "{981033B2-B11A-4BB1-981B-2CEC82E1A9EA}"
EndProject
Project("{FAE04EC0-301F-11D3-BF4B-00C04F79EFBC}") = "stack_test", "stack_test\stack_test.csproj", "{1198B695-699B-402A-8436-F6F4A2C52E63}"
EndProject
Global
	GlobalSection(SolutionConfigurationPlatforms) = preSolution
		Debug|Any CPU = Debug|Any CPU
		Release|Any CPU = Release|Any CPU
	EndGlobalSection
	GlobalSection(ProjectConfigurationPlatforms) = postSolution
		{981033B2-B11A-4BB1-981B-2CEC82E1A9EA}.Debug|Any CPU.ActiveCfg = Debug|Any CPU
		{981033B2-B11A-4BB1-981B-2CEC82E1A9EA}.Debug|Any CPU.Build.0 = Debug|Any CPU
		{981033B2-B11A-4BB1-981B-2CEC82E1A9EA}.Release|Any CPU.ActiveCfg = Release|Any CPU
		{981033B2-B11A-4BB1-981B-2CEC82E1A9EA}.Release|Any CPU.Build.0 = Release|Any CPU
		{1198B695-699B-402A-8436-F6F4A2C52E63}.Debug|Any CPU.ActiveCfg = Debug|Any CPU
		{1198B695-699B-402A-8436-F6F4A2C52E63}.Debug|Any CPU.Build.0 = Debug|Any CPU
		{1198B695-699B-402A-8436-F6F4A2C52E63}.Release|Any CPU.ActiveCfg = Release|Any CPU
		{1198B695-699B-402A-8436-F6F4A2C52E63}.Release|Any CPU.Build.0 = Release|Any CPU
	EndGlobalSection
	GlobalSection(SolutionProperties) = preSolution
		HideSolutionNode = FALSE
	EndGlobalSection
	GlobalSection(ExtensibilityGlobals) = postSolution
		SolutionGuid = {FDEA42F1-8280-4DD6-B285-4820159A3684}
	EndGlobalSection
EndGlobal
