
Microsoft Visual Studio Solution File, Format Version 12.00
# Visual Studio 15
VisualStudioVersion = 15.0.27703.2047
MinimumVisualStudioVersion = 10.0.40219.1
Project("{FAE04EC0-301F-11D3-BF4B-00C04F79EFBC}") = "stack_1", "stack_1\stack_1.csproj", "{E9F4DFA0-7403-4D69-8A50-88D834130E28}"
EndProject
Project("{FAE04EC0-301F-11D3-BF4B-00C04F79EFBC}") = "test_stack", "test_stack\test_stack.csproj", "{32C4C502-4C42-4E21-9039-3719E509FE65}"
EndProject
Global
	GlobalSection(SolutionConfigurationPlatforms) = preSolution
		Debug|Any CPU = Debug|Any CPU
		Release|Any CPU = Release|Any CPU
	EndGlobalSection
	GlobalSection(ProjectConfigurationPlatforms) = postSolution
		{E9F4DFA0-7403-4D69-8A50-88D834130E28}.Debug|Any CPU.ActiveCfg = Debug|Any CPU
		{E9F4DFA0-7403-4D69-8A50-88D834130E28}.Debug|Any CPU.Build.0 = Debug|Any CPU
		{E9F4DFA0-7403-4D69-8A50-88D834130E28}.Release|Any CPU.ActiveCfg = Release|Any CPU
		{E9F4DFA0-7403-4D69-8A50-88D834130E28}.Release|Any CPU.Build.0 = Release|Any CPU
		{32C4C502-4C42-4E21-9039-3719E509FE65}.Debug|Any CPU.ActiveCfg = Debug|Any CPU
		{32C4C502-4C42-4E21-9039-3719E509FE65}.Debug|Any CPU.Build.0 = Debug|Any CPU
		{32C4C502-4C42-4E21-9039-3719E509FE65}.Release|Any CPU.ActiveCfg = Release|Any CPU
		{32C4C502-4C42-4E21-9039-3719E509FE65}.Release|Any CPU.Build.0 = Release|Any CPU
	EndGlobalSection
	GlobalSection(SolutionProperties) = preSolution
		HideSolutionNode = FALSE
	EndGlobalSection
	GlobalSection(ExtensibilityGlobals) = postSolution
		SolutionGuid = {1B398CE6-075F-4531-9737-2A41FE592E78}
	EndGlobalSection
EndGlobal
