
Microsoft Visual Studio Solution File, Format Version 12.00
# Visual Studio 15
VisualStudioVersion = 15.0.27703.2047
MinimumVisualStudioVersion = 10.0.40219.1
Project("{FAE04EC0-301F-11D3-BF4B-00C04F79EFBC}") = "stack_test", "stack_test\stack_test.csproj", "{CD53E415-DD1A-4E02-9838-0B0246FCA5B1}"
EndProject
Global
	GlobalSection(SolutionConfigurationPlatforms) = preSolution
		Debug|Any CPU = Debug|Any CPU
		Release|Any CPU = Release|Any CPU
	EndGlobalSection
	GlobalSection(ProjectConfigurationPlatforms) = postSolution
		{CD53E415-DD1A-4E02-9838-0B0246FCA5B1}.Debug|Any CPU.ActiveCfg = Debug|Any CPU
		{CD53E415-DD1A-4E02-9838-0B0246FCA5B1}.Debug|Any CPU.Build.0 = Debug|Any CPU
		{CD53E415-DD1A-4E02-9838-0B0246FCA5B1}.Release|Any CPU.ActiveCfg = Release|Any CPU
		{CD53E415-DD1A-4E02-9838-0B0246FCA5B1}.Release|Any CPU.Build.0 = Release|Any CPU
	EndGlobalSection
	GlobalSection(SolutionProperties) = preSolution
		HideSolutionNode = FALSE
	EndGlobalSection
	GlobalSection(ExtensibilityGlobals) = postSolution
		SolutionGuid = {B6CBD29C-6996-45D4-B43D-989937372456}
	EndGlobalSection
EndGlobal
